
Microsoft Visual Studio Solution File, Format Version 12.00
# Visual Studio Version 16
VisualStudioVersion = 16.0.30503.244
MinimumVisualStudioVersion = 10.0.40219.1
Project("{9A19103F-16F7-4668-BE54-9A1E7A4F7556}") = "WindesRace", "WindesRace\WindesRace.csproj", "{102B8D86-E4C0-420C-B60B-E6BB06EE4660}"
EndProject
Project("{9A19103F-16F7-4668-BE54-9A1E7A4F7556}") = "Model", "Model\Model.csproj", "{7FECC670-A857-4469-8794-793B7C60E60A}"
EndProject
Project("{9A19103F-16F7-4668-BE54-9A1E7A4F7556}") = "Controller", "Controller\Controller.csproj", "{EEC7FDA3-D640-4C53-AF2F-BA0E3428B8BD}"
EndProject
Project("{FAE04EC0-301F-11D3-BF4B-00C04F79EFBC}") = "ControllerTest", "ControllerTest\ControllerTest.csproj", "{1ADA4CCF-A2FF-4DA1-B913-D2B888729DEA}"
EndProject
Global
	GlobalSection(SolutionConfigurationPlatforms) = preSolution
		Debug|Any CPU = Debug|Any CPU
		Release|Any CPU = Release|Any CPU
	EndGlobalSection
	GlobalSection(ProjectConfigurationPlatforms) = postSolution
		{102B8D86-E4C0-420C-B60B-E6BB06EE4660}.Debug|Any CPU.ActiveCfg = Debug|Any CPU
		{102B8D86-E4C0-420C-B60B-E6BB06EE4660}.Debug|Any CPU.Build.0 = Debug|Any CPU
		{102B8D86-E4C0-420C-B60B-E6BB06EE4660}.Release|Any CPU.ActiveCfg = Release|Any CPU
		{102B8D86-E4C0-420C-B60B-E6BB06EE4660}.Release|Any CPU.Build.0 = Release|Any CPU
		{7FECC670-A857-4469-8794-793B7C60E60A}.Debug|Any CPU.ActiveCfg = Debug|Any CPU
		{7FECC670-A857-4469-8794-793B7C60E60A}.Debug|Any CPU.Build.0 = Debug|Any CPU
		{7FECC670-A857-4469-8794-793B7C60E60A}.Release|Any CPU.ActiveCfg = Release|Any CPU
		{7FECC670-A857-4469-8794-793B7C60E60A}.Release|Any CPU.Build.0 = Release|Any CPU
		{EEC7FDA3-D640-4C53-AF2F-BA0E3428B8BD}.Debug|Any CPU.ActiveCfg = Debug|Any CPU
		{EEC7FDA3-D640-4C53-AF2F-BA0E3428B8BD}.Debug|Any CPU.Build.0 = Debug|Any CPU
		{EEC7FDA3-D640-4C53-AF2F-BA0E3428B8BD}.Release|Any CPU.ActiveCfg = Release|Any CPU
		{EEC7FDA3-D640-4C53-AF2F-BA0E3428B8BD}.Release|Any CPU.Build.0 = Release|Any CPU
		{1ADA4CCF-A2FF-4DA1-B913-D2B888729DEA}.Debug|Any CPU.ActiveCfg = Debug|Any CPU
		{1ADA4CCF-A2FF-4DA1-B913-D2B888729DEA}.Debug|Any CPU.Build.0 = Debug|Any CPU
		{1ADA4CCF-A2FF-4DA1-B913-D2B888729DEA}.Release|Any CPU.ActiveCfg = Release|Any CPU
		{1ADA4CCF-A2FF-4DA1-B913-D2B888729DEA}.Release|Any CPU.Build.0 = Release|Any CPU
	EndGlobalSection
	GlobalSection(SolutionProperties) = preSolution
		HideSolutionNode = FALSE
	EndGlobalSection
	GlobalSection(ExtensibilityGlobals) = postSolution
		SolutionGuid = {9EE5D465-1C19-4D60-AC87-F76077A9D356}
	EndGlobalSection
EndGlobal
